
Microsoft Visual Studio Solution File, Format Version 12.00
# Visual Studio 15
VisualStudioVersion = 15.0.28307.572
MinimumVisualStudioVersion = 10.0.40219.1
Project("{FAE04EC0-301F-11D3-BF4B-00C04F79EFBC}") = "Citect.E80.FunctionGenealogy", "Citect.E80.FunctionGenealogy\Citect.E80.FunctionGenealogy.csproj", "{3008F6D0-FD9A-4B8C-BD76-03E0EAEE2A06}"
EndProject
Global
	GlobalSection(SolutionConfigurationPlatforms) = preSolution
		Debug|Any CPU = Debug|Any CPU
		Release|Any CPU = Release|Any CPU
	EndGlobalSection
	GlobalSection(ProjectConfigurationPlatforms) = postSolution
		{3008F6D0-FD9A-4B8C-BD76-03E0EAEE2A06}.Debug|Any CPU.ActiveCfg = Debug|Any CPU
		{3008F6D0-FD9A-4B8C-BD76-03E0EAEE2A06}.Debug|Any CPU.Build.0 = Debug|Any CPU
		{3008F6D0-FD9A-4B8C-BD76-03E0EAEE2A06}.Release|Any CPU.ActiveCfg = Release|Any CPU
		{3008F6D0-FD9A-4B8C-BD76-03E0EAEE2A06}.Release|Any CPU.Build.0 = Release|Any CPU
	EndGlobalSection
	GlobalSection(SolutionProperties) = preSolution
		HideSolutionNode = FALSE
	EndGlobalSection
	GlobalSection(ExtensibilityGlobals) = postSolution
		SolutionGuid = {6287C21E-D7DF-4921-8DDD-CE5223075DFD}
	EndGlobalSection
EndGlobal
